
Microsoft Visual Studio Solution File, Format Version 12.00
# Visual Studio 15
VisualStudioVersion = 15.0.27130.2027
MinimumVisualStudioVersion = 10.0.40219.1
Project("{FAE04EC0-301F-11D3-BF4B-00C04F79EFBC}") = "MVCArea", "MVCArea\MVCArea.csproj", "{B7040F6E-52B7-4809-AFD7-D163685B85E7}"
EndProject
Global
	GlobalSection(SolutionConfigurationPlatforms) = preSolution
		Debug|Any CPU = Debug|Any CPU
		Release|Any CPU = Release|Any CPU
	EndGlobalSection
	GlobalSection(ProjectConfigurationPlatforms) = postSolution
		{B7040F6E-52B7-4809-AFD7-D163685B85E7}.Debug|Any CPU.ActiveCfg = Debug|Any CPU
		{B7040F6E-52B7-4809-AFD7-D163685B85E7}.Debug|Any CPU.Build.0 = Debug|Any CPU
		{B7040F6E-52B7-4809-AFD7-D163685B85E7}.Release|Any CPU.ActiveCfg = Release|Any CPU
		{B7040F6E-52B7-4809-AFD7-D163685B85E7}.Release|Any CPU.Build.0 = Release|Any CPU
	EndGlobalSection
	GlobalSection(SolutionProperties) = preSolution
		HideSolutionNode = FALSE
	EndGlobalSection
	GlobalSection(ExtensibilityGlobals) = postSolution
		SolutionGuid = {FCF3D71B-3528-43AB-9DEA-B01A15B26D34}
	EndGlobalSection
EndGlobal
